
Microsoft Visual Studio Solution File, Format Version 12.00
# Visual Studio Version 17
VisualStudioVersion = 17.11.35312.102
MinimumVisualStudioVersion = 10.0.40219.1
Project("{9A19103F-16F7-4668-BE54-9A1E7A4F7556}") = "taskManager_netcore", "taskManager_netcore.csproj", "{FACF7180-EBFA-4AFC-9320-4F1AB90BD3A6}"
EndProject
Project("{54435603-DBB4-11D2-8724-00A0C9A8B90C}") = "INSTALLER", "INSTALLER\INSTALLER.vdproj", "{2EE4FC51-0D87-45B2-AA19-7B5570162DA8}"
EndProject
Global
	GlobalSection(SolutionConfigurationPlatforms) = preSolution
		Debug|Any CPU = Debug|Any CPU
		Release|Any CPU = Release|Any CPU
	EndGlobalSection
	GlobalSection(ProjectConfigurationPlatforms) = postSolution
		{FACF7180-EBFA-4AFC-9320-4F1AB90BD3A6}.Debug|Any CPU.ActiveCfg = Debug|Any CPU
		{FACF7180-EBFA-4AFC-9320-4F1AB90BD3A6}.Debug|Any CPU.Build.0 = Debug|Any CPU
		{FACF7180-EBFA-4AFC-9320-4F1AB90BD3A6}.Release|Any CPU.ActiveCfg = Release|Any CPU
		{FACF7180-EBFA-4AFC-9320-4F1AB90BD3A6}.Release|Any CPU.Build.0 = Release|Any CPU
		{2EE4FC51-0D87-45B2-AA19-7B5570162DA8}.Debug|Any CPU.ActiveCfg = Debug
		{2EE4FC51-0D87-45B2-AA19-7B5570162DA8}.Release|Any CPU.ActiveCfg = Release
	EndGlobalSection
	GlobalSection(SolutionProperties) = preSolution
		HideSolutionNode = FALSE
	EndGlobalSection
	GlobalSection(ExtensibilityGlobals) = postSolution
		SolutionGuid = {4CDED2A7-AA04-416E-80F6-4D55D64BAB4C}
	EndGlobalSection
EndGlobal
